
Microsoft Visual Studio Solution File, Format Version 12.00
# Visual Studio Version 17
VisualStudioVersion = 17.3.32929.385
MinimumVisualStudioVersion = 10.0.40219.1
Project("{2150E333-8FDC-42A3-9474-1A3956D46DE8}") = "MS", "MS", "{F6EB9C7C-8C2E-49CB-9F06-6CEF5692CA5F}"
EndProject
Project("{2150E333-8FDC-42A3-9474-1A3956D46DE8}") = "Ms.Habitacion", "Ms.Habitacion", "{4E691FDE-9046-4E9F-BD69-BFD1E7A7A7B4}"
EndProject
Project("{9A19103F-16F7-4668-BE54-9A1E7A4F7556}") = "Ms.Habitacion.API", "Ms.Habitacion.API\Ms.Habitacion.API.csproj", "{5062E027-DE0C-4322-A99D-7C2C4AF25035}"
EndProject
Project("{9A19103F-16F7-4668-BE54-9A1E7A4F7556}") = "Ms.Habitacion.Dominio", "Ms.Habitacion.Dominio\Ms.Habitacion.Dominio.csproj", "{18F75D17-8F00-4B30-8898-48424D2830D8}"
EndProject
Project("{9A19103F-16F7-4668-BE54-9A1E7A4F7556}") = "Ms.Habitacion.Aplicacion", "Ms.Habitacion.Aplicacion\Ms.Habitacion.Aplicacion.csproj", "{2254528C-A307-49B8-87CA-16959192B750}"
EndProject
Project("{9A19103F-16F7-4668-BE54-9A1E7A4F7556}") = "Ms.Habitacion.Infraestructura", "Ms.Habitacion.Infraestructura\Ms.Habitacion.Infraestructura.csproj", "{7FF551B5-96A6-4550-8A01-89241642C46F}"
EndProject
Project("{2150E333-8FDC-42A3-9474-1A3956D46DE8}") = "Ms.Alquiler", "Ms.Alquiler", "{24DCD504-2286-4AB6-8B65-9E4DA6E08D8E}"
EndProject
Project("{2150E333-8FDC-42A3-9474-1A3956D46DE8}") = "Ms.MetodoPago", "Ms.MetodoPago", "{B53746AE-7A44-47A0-BADE-5B3162FF32A3}"
EndProject
Project("{9A19103F-16F7-4668-BE54-9A1E7A4F7556}") = "Ms.MetodoPago.API", "Ms.MetodoPago\Ms.MetodoPago.API.csproj", "{AD9CC5BC-487D-4387-9CA6-E026E47A17EF}"
EndProject
Project("{9A19103F-16F7-4668-BE54-9A1E7A4F7556}") = "Ms.Alquiler.API", "Ms.Alquiler.API\Ms.Alquiler.API.csproj", "{ABBD66C1-E881-4E2E-8301-1239D7D6AF53}"
EndProject
Project("{9A19103F-16F7-4668-BE54-9A1E7A4F7556}") = "Ms.Alquiler.Aplicacion", "Ms.Alquiler.Aplicación\Ms.Alquiler.Aplicacion.csproj", "{DA1F79A8-DB4A-4BDC-BB6D-5AE8249C72C3}"
EndProject
Project("{9A19103F-16F7-4668-BE54-9A1E7A4F7556}") = "Ms.Alquiler.Dominio", "Ms.Alquiler.Dominio\Ms.Alquiler.Dominio.csproj", "{B11E3469-7ED2-4334-9A67-EFA013466533}"
EndProject
Project("{9A19103F-16F7-4668-BE54-9A1E7A4F7556}") = "Ms.Alquiler.Infraestructura", "Ms.Alquiler.Infraestructura\Ms.Alquiler.Infraestructura.csproj", "{EA920AC6-B928-4E65-ABBE-5B2B98B41654}"
EndProject
Project("{2150E333-8FDC-42A3-9474-1A3956D46DE8}") = "Ms.Cliente", "Ms.Cliente", "{B69744C6-96F3-408F-B4CD-D4DD201A583D}"
EndProject
Project("{9A19103F-16F7-4668-BE54-9A1E7A4F7556}") = "Ms.Cliente.Infraestructura", "Ms.Cliente.Infraestructura\Ms.Cliente.Infraestructura.csproj", "{4809B2F0-A4A2-4CE9-BF9A-DD4912A99509}"
EndProject
Project("{9A19103F-16F7-4668-BE54-9A1E7A4F7556}") = "Ms.Cliente.Dominio", "Ms.Cliente.Dominio\Ms.Cliente.Dominio.csproj", "{EEEDBC56-B027-42A3-88D1-C2F2B8CA3E59}"
EndProject
Project("{9A19103F-16F7-4668-BE54-9A1E7A4F7556}") = "Ms.Cliente.Aplicacion", "Ms.Cliente.Aplicacion\Ms.Cliente.Aplicacion.csproj", "{ACEFD1A6-FD50-4E70-A894-64F153F658A1}"
EndProject
Project("{9A19103F-16F7-4668-BE54-9A1E7A4F7556}") = "Ms.Cliente.API", "Ms.Cliente.API\Ms.Cliente.API.csproj", "{5B4B999C-E510-4814-83C4-6489555C0E57}"
EndProject
Project("{2150E333-8FDC-42A3-9474-1A3956D46DE8}") = "API Gateway Alquiler", "API Gateway Alquiler", "{A2906FDB-EC25-4A5F-9F16-4EB61B18B04F}"
EndProject
Project("{9A19103F-16F7-4668-BE54-9A1E7A4F7556}") = "Ms.Gateway.API", "Ms.Gatemway.API\Ms.Gateway.API.csproj", "{2EBBFB06-34E9-4C28-BDDC-29206A9ABAB9}"
EndProject
Project("{9A19103F-16F7-4668-BE54-9A1E7A4F7556}") = "Ms.Gateway.Aplicacion", "Ms.Gatemway.Aplicacion\Ms.Gateway.Aplicacion.csproj", "{D49E2269-2E05-4CBE-81C3-482F7D5752B0}"
EndProject
Project("{FAE04EC0-301F-11D3-BF4B-00C04F79EFBC}") = "Ms.Pago.Infraestructura", "Ms.Pago.Infraestructura\Ms.Pago.Infraestructura.csproj", "{A63F5333-8BE3-42A0-8480-AB9CF71455BD}"
EndProject
Project("{FAE04EC0-301F-11D3-BF4B-00C04F79EFBC}") = "Ms.Pago.Dominio", "Ms.Pago.Dominio\Ms.Pago.Dominio.csproj", "{EFC9051D-DB52-4900-83B9-8DA897671E7A}"
EndProject
Project("{FAE04EC0-301F-11D3-BF4B-00C04F79EFBC}") = "Ms.Pago.Aplicacion", "Ms.Pago.Aplicacion\Ms.Pago.Aplicacion.csproj", "{1CBF6A2E-7E54-4EB4-971F-8574CAD67D64}"
EndProject
Global
	GlobalSection(SolutionConfigurationPlatforms) = preSolution
		Debug|Any CPU = Debug|Any CPU
		Release|Any CPU = Release|Any CPU
	EndGlobalSection
	GlobalSection(ProjectConfigurationPlatforms) = postSolution
		{5062E027-DE0C-4322-A99D-7C2C4AF25035}.Debug|Any CPU.ActiveCfg = Debug|Any CPU
		{5062E027-DE0C-4322-A99D-7C2C4AF25035}.Debug|Any CPU.Build.0 = Debug|Any CPU
		{5062E027-DE0C-4322-A99D-7C2C4AF25035}.Release|Any CPU.ActiveCfg = Release|Any CPU
		{5062E027-DE0C-4322-A99D-7C2C4AF25035}.Release|Any CPU.Build.0 = Release|Any CPU
		{18F75D17-8F00-4B30-8898-48424D2830D8}.Debug|Any CPU.ActiveCfg = Debug|Any CPU
		{18F75D17-8F00-4B30-8898-48424D2830D8}.Debug|Any CPU.Build.0 = Debug|Any CPU
		{18F75D17-8F00-4B30-8898-48424D2830D8}.Release|Any CPU.ActiveCfg = Release|Any CPU
		{18F75D17-8F00-4B30-8898-48424D2830D8}.Release|Any CPU.Build.0 = Release|Any CPU
		{2254528C-A307-49B8-87CA-16959192B750}.Debug|Any CPU.ActiveCfg = Debug|Any CPU
		{2254528C-A307-49B8-87CA-16959192B750}.Debug|Any CPU.Build.0 = Debug|Any CPU
		{2254528C-A307-49B8-87CA-16959192B750}.Release|Any CPU.ActiveCfg = Release|Any CPU
		{2254528C-A307-49B8-87CA-16959192B750}.Release|Any CPU.Build.0 = Release|Any CPU
		{7FF551B5-96A6-4550-8A01-89241642C46F}.Debug|Any CPU.ActiveCfg = Debug|Any CPU
		{7FF551B5-96A6-4550-8A01-89241642C46F}.Debug|Any CPU.Build.0 = Debug|Any CPU
		{7FF551B5-96A6-4550-8A01-89241642C46F}.Release|Any CPU.ActiveCfg = Release|Any CPU
		{7FF551B5-96A6-4550-8A01-89241642C46F}.Release|Any CPU.Build.0 = Release|Any CPU
		{AD9CC5BC-487D-4387-9CA6-E026E47A17EF}.Debug|Any CPU.ActiveCfg = Debug|Any CPU
		{AD9CC5BC-487D-4387-9CA6-E026E47A17EF}.Debug|Any CPU.Build.0 = Debug|Any CPU
		{AD9CC5BC-487D-4387-9CA6-E026E47A17EF}.Release|Any CPU.ActiveCfg = Release|Any CPU
		{AD9CC5BC-487D-4387-9CA6-E026E47A17EF}.Release|Any CPU.Build.0 = Release|Any CPU
		{ABBD66C1-E881-4E2E-8301-1239D7D6AF53}.Debug|Any CPU.ActiveCfg = Debug|Any CPU
		{ABBD66C1-E881-4E2E-8301-1239D7D6AF53}.Debug|Any CPU.Build.0 = Debug|Any CPU
		{ABBD66C1-E881-4E2E-8301-1239D7D6AF53}.Release|Any CPU.ActiveCfg = Release|Any CPU
		{ABBD66C1-E881-4E2E-8301-1239D7D6AF53}.Release|Any CPU.Build.0 = Release|Any CPU
		{DA1F79A8-DB4A-4BDC-BB6D-5AE8249C72C3}.Debug|Any CPU.ActiveCfg = Debug|Any CPU
		{DA1F79A8-DB4A-4BDC-BB6D-5AE8249C72C3}.Debug|Any CPU.Build.0 = Debug|Any CPU
		{DA1F79A8-DB4A-4BDC-BB6D-5AE8249C72C3}.Release|Any CPU.ActiveCfg = Release|Any CPU
		{DA1F79A8-DB4A-4BDC-BB6D-5AE8249C72C3}.Release|Any CPU.Build.0 = Release|Any CPU
		{B11E3469-7ED2-4334-9A67-EFA013466533}.Debug|Any CPU.ActiveCfg = Debug|Any CPU
		{B11E3469-7ED2-4334-9A67-EFA013466533}.Debug|Any CPU.Build.0 = Debug|Any CPU
		{B11E3469-7ED2-4334-9A67-EFA013466533}.Release|Any CPU.ActiveCfg = Release|Any CPU
		{B11E3469-7ED2-4334-9A67-EFA013466533}.Release|Any CPU.Build.0 = Release|Any CPU
		{EA920AC6-B928-4E65-ABBE-5B2B98B41654}.Debug|Any CPU.ActiveCfg = Debug|Any CPU
		{EA920AC6-B928-4E65-ABBE-5B2B98B41654}.Debug|Any CPU.Build.0 = Debug|Any CPU
		{EA920AC6-B928-4E65-ABBE-5B2B98B41654}.Release|Any CPU.ActiveCfg = Release|Any CPU
		{EA920AC6-B928-4E65-ABBE-5B2B98B41654}.Release|Any CPU.Build.0 = Release|Any CPU
		{4809B2F0-A4A2-4CE9-BF9A-DD4912A99509}.Debug|Any CPU.ActiveCfg = Debug|Any CPU
		{4809B2F0-A4A2-4CE9-BF9A-DD4912A99509}.Debug|Any CPU.Build.0 = Debug|Any CPU
		{4809B2F0-A4A2-4CE9-BF9A-DD4912A99509}.Release|Any CPU.ActiveCfg = Release|Any CPU
		{4809B2F0-A4A2-4CE9-BF9A-DD4912A99509}.Release|Any CPU.Build.0 = Release|Any CPU
		{EEEDBC56-B027-42A3-88D1-C2F2B8CA3E59}.Debug|Any CPU.ActiveCfg = Debug|Any CPU
		{EEEDBC56-B027-42A3-88D1-C2F2B8CA3E59}.Debug|Any CPU.Build.0 = Debug|Any CPU
		{EEEDBC56-B027-42A3-88D1-C2F2B8CA3E59}.Release|Any CPU.ActiveCfg = Release|Any CPU
		{EEEDBC56-B027-42A3-88D1-C2F2B8CA3E59}.Release|Any CPU.Build.0 = Release|Any CPU
		{ACEFD1A6-FD50-4E70-A894-64F153F658A1}.Debug|Any CPU.ActiveCfg = Debug|Any CPU
		{ACEFD1A6-FD50-4E70-A894-64F153F658A1}.Debug|Any CPU.Build.0 = Debug|Any CPU
		{ACEFD1A6-FD50-4E70-A894-64F153F658A1}.Release|Any CPU.ActiveCfg = Release|Any CPU
		{ACEFD1A6-FD50-4E70-A894-64F153F658A1}.Release|Any CPU.Build.0 = Release|Any CPU
		{5B4B999C-E510-4814-83C4-6489555C0E57}.Debug|Any CPU.ActiveCfg = Debug|Any CPU
		{5B4B999C-E510-4814-83C4-6489555C0E57}.Debug|Any CPU.Build.0 = Debug|Any CPU
		{5B4B999C-E510-4814-83C4-6489555C0E57}.Release|Any CPU.ActiveCfg = Release|Any CPU
		{5B4B999C-E510-4814-83C4-6489555C0E57}.Release|Any CPU.Build.0 = Release|Any CPU
		{2EBBFB06-34E9-4C28-BDDC-29206A9ABAB9}.Debug|Any CPU.ActiveCfg = Debug|Any CPU
		{2EBBFB06-34E9-4C28-BDDC-29206A9ABAB9}.Debug|Any CPU.Build.0 = Debug|Any CPU
		{2EBBFB06-34E9-4C28-BDDC-29206A9ABAB9}.Release|Any CPU.ActiveCfg = Release|Any CPU
		{2EBBFB06-34E9-4C28-BDDC-29206A9ABAB9}.Release|Any CPU.Build.0 = Release|Any CPU
		{D49E2269-2E05-4CBE-81C3-482F7D5752B0}.Debug|Any CPU.ActiveCfg = Debug|Any CPU
		{D49E2269-2E05-4CBE-81C3-482F7D5752B0}.Debug|Any CPU.Build.0 = Debug|Any CPU
		{D49E2269-2E05-4CBE-81C3-482F7D5752B0}.Release|Any CPU.ActiveCfg = Release|Any CPU
		{D49E2269-2E05-4CBE-81C3-482F7D5752B0}.Release|Any CPU.Build.0 = Release|Any CPU
		{A63F5333-8BE3-42A0-8480-AB9CF71455BD}.Debug|Any CPU.ActiveCfg = Debug|Any CPU
		{A63F5333-8BE3-42A0-8480-AB9CF71455BD}.Debug|Any CPU.Build.0 = Debug|Any CPU
		{A63F5333-8BE3-42A0-8480-AB9CF71455BD}.Release|Any CPU.ActiveCfg = Release|Any CPU
		{A63F5333-8BE3-42A0-8480-AB9CF71455BD}.Release|Any CPU.Build.0 = Release|Any CPU
		{EFC9051D-DB52-4900-83B9-8DA897671E7A}.Debug|Any CPU.ActiveCfg = Debug|Any CPU
		{EFC9051D-DB52-4900-83B9-8DA897671E7A}.Debug|Any CPU.Build.0 = Debug|Any CPU
		{EFC9051D-DB52-4900-83B9-8DA897671E7A}.Release|Any CPU.ActiveCfg = Release|Any CPU
		{EFC9051D-DB52-4900-83B9-8DA897671E7A}.Release|Any CPU.Build.0 = Release|Any CPU
		{1CBF6A2E-7E54-4EB4-971F-8574CAD67D64}.Debug|Any CPU.ActiveCfg = Debug|Any CPU
		{1CBF6A2E-7E54-4EB4-971F-8574CAD67D64}.Debug|Any CPU.Build.0 = Debug|Any CPU
		{1CBF6A2E-7E54-4EB4-971F-8574CAD67D64}.Release|Any CPU.ActiveCfg = Release|Any CPU
		{1CBF6A2E-7E54-4EB4-971F-8574CAD67D64}.Release|Any CPU.Build.0 = Release|Any CPU
	EndGlobalSection
	GlobalSection(SolutionProperties) = preSolution
		HideSolutionNode = FALSE
	EndGlobalSection
	GlobalSection(NestedProjects) = preSolution
		{4E691FDE-9046-4E9F-BD69-BFD1E7A7A7B4} = {F6EB9C7C-8C2E-49CB-9F06-6CEF5692CA5F}
		{5062E027-DE0C-4322-A99D-7C2C4AF25035} = {4E691FDE-9046-4E9F-BD69-BFD1E7A7A7B4}
		{18F75D17-8F00-4B30-8898-48424D2830D8} = {4E691FDE-9046-4E9F-BD69-BFD1E7A7A7B4}
		{2254528C-A307-49B8-87CA-16959192B750} = {4E691FDE-9046-4E9F-BD69-BFD1E7A7A7B4}
		{7FF551B5-96A6-4550-8A01-89241642C46F} = {4E691FDE-9046-4E9F-BD69-BFD1E7A7A7B4}
		{24DCD504-2286-4AB6-8B65-9E4DA6E08D8E} = {F6EB9C7C-8C2E-49CB-9F06-6CEF5692CA5F}
		{B53746AE-7A44-47A0-BADE-5B3162FF32A3} = {F6EB9C7C-8C2E-49CB-9F06-6CEF5692CA5F}
		{AD9CC5BC-487D-4387-9CA6-E026E47A17EF} = {B53746AE-7A44-47A0-BADE-5B3162FF32A3}
		{ABBD66C1-E881-4E2E-8301-1239D7D6AF53} = {24DCD504-2286-4AB6-8B65-9E4DA6E08D8E}
		{DA1F79A8-DB4A-4BDC-BB6D-5AE8249C72C3} = {24DCD504-2286-4AB6-8B65-9E4DA6E08D8E}
		{B11E3469-7ED2-4334-9A67-EFA013466533} = {24DCD504-2286-4AB6-8B65-9E4DA6E08D8E}
		{EA920AC6-B928-4E65-ABBE-5B2B98B41654} = {24DCD504-2286-4AB6-8B65-9E4DA6E08D8E}
		{B69744C6-96F3-408F-B4CD-D4DD201A583D} = {F6EB9C7C-8C2E-49CB-9F06-6CEF5692CA5F}
		{4809B2F0-A4A2-4CE9-BF9A-DD4912A99509} = {B69744C6-96F3-408F-B4CD-D4DD201A583D}
		{EEEDBC56-B027-42A3-88D1-C2F2B8CA3E59} = {B69744C6-96F3-408F-B4CD-D4DD201A583D}
		{ACEFD1A6-FD50-4E70-A894-64F153F658A1} = {B69744C6-96F3-408F-B4CD-D4DD201A583D}
		{5B4B999C-E510-4814-83C4-6489555C0E57} = {B69744C6-96F3-408F-B4CD-D4DD201A583D}
		{2EBBFB06-34E9-4C28-BDDC-29206A9ABAB9} = {A2906FDB-EC25-4A5F-9F16-4EB61B18B04F}
		{D49E2269-2E05-4CBE-81C3-482F7D5752B0} = {A2906FDB-EC25-4A5F-9F16-4EB61B18B04F}
		{A63F5333-8BE3-42A0-8480-AB9CF71455BD} = {B53746AE-7A44-47A0-BADE-5B3162FF32A3}
		{EFC9051D-DB52-4900-83B9-8DA897671E7A} = {B53746AE-7A44-47A0-BADE-5B3162FF32A3}
		{1CBF6A2E-7E54-4EB4-971F-8574CAD67D64} = {B53746AE-7A44-47A0-BADE-5B3162FF32A3}
	EndGlobalSection
	GlobalSection(ExtensibilityGlobals) = postSolution
		SolutionGuid = {1A332C68-D44B-4AD6-980C-BD8B9161BA26}
	EndGlobalSection
EndGlobal
