
Microsoft Visual Studio Solution File, Format Version 12.00
# Visual Studio Version 17
VisualStudioVersion = 17.3.32929.385
MinimumVisualStudioVersion = 10.0.40219.1
Project("{2150E333-8FDC-42A3-9474-1A3956D46DE8}") = "MS", "MS", "{F6EB9C7C-8C2E-49CB-9F06-6CEF5692CA5F}"
EndProject
Project("{2150E333-8FDC-42A3-9474-1A3956D46DE8}") = "Ms.Habitacion", "Ms.Habitacion", "{4E691FDE-9046-4E9F-BD69-BFD1E7A7A7B4}"
EndProject
Project("{9A19103F-16F7-4668-BE54-9A1E7A4F7556}") = "Ms.Habitacion.API", "Ms.Habitacion.API\Ms.Habitacion.API.csproj", "{5062E027-DE0C-4322-A99D-7C2C4AF25035}"
EndProject
Project("{9A19103F-16F7-4668-BE54-9A1E7A4F7556}") = "Ms.Habitacion.Dominio", "Ms.Habitacion.Dominio\Ms.Habitacion.Dominio.csproj", "{18F75D17-8F00-4B30-8898-48424D2830D8}"
EndProject
Project("{9A19103F-16F7-4668-BE54-9A1E7A4F7556}") = "Ms.Habitacion.Aplicacion", "Ms.Habitacion.Aplicacion\Ms.Habitacion.Aplicacion.csproj", "{2254528C-A307-49B8-87CA-16959192B750}"
EndProject
Project("{9A19103F-16F7-4668-BE54-9A1E7A4F7556}") = "Ms.Habitacion.Infraestructura", "Ms.Habitacion.Infraestructura\Ms.Habitacion.Infraestructura.csproj", "{7FF551B5-96A6-4550-8A01-89241642C46F}"
EndProject
Project("{2150E333-8FDC-42A3-9474-1A3956D46DE8}") = "Ms.Alquiler", "Ms.Alquiler", "{24DCD504-2286-4AB6-8B65-9E4DA6E08D8E}"
EndProject
Project("{2150E333-8FDC-42A3-9474-1A3956D46DE8}") = "Ms.MetodoPago", "Ms.MetodoPago", "{B53746AE-7A44-47A0-BADE-5B3162FF32A3}"
EndProject
Project("{9A19103F-16F7-4668-BE54-9A1E7A4F7556}") = "Ms.MetodoPago.API", "Ms.MetodoPago\Ms.MetodoPago.API.csproj", "{AD9CC5BC-487D-4387-9CA6-E026E47A17EF}"
EndProject
Global
	GlobalSection(SolutionConfigurationPlatforms) = preSolution
		Debug|Any CPU = Debug|Any CPU
		Release|Any CPU = Release|Any CPU
	EndGlobalSection
	GlobalSection(ProjectConfigurationPlatforms) = postSolution
		{5062E027-DE0C-4322-A99D-7C2C4AF25035}.Debug|Any CPU.ActiveCfg = Debug|Any CPU
		{5062E027-DE0C-4322-A99D-7C2C4AF25035}.Debug|Any CPU.Build.0 = Debug|Any CPU
		{5062E027-DE0C-4322-A99D-7C2C4AF25035}.Release|Any CPU.ActiveCfg = Release|Any CPU
		{5062E027-DE0C-4322-A99D-7C2C4AF25035}.Release|Any CPU.Build.0 = Release|Any CPU
		{18F75D17-8F00-4B30-8898-48424D2830D8}.Debug|Any CPU.ActiveCfg = Debug|Any CPU
		{18F75D17-8F00-4B30-8898-48424D2830D8}.Debug|Any CPU.Build.0 = Debug|Any CPU
		{18F75D17-8F00-4B30-8898-48424D2830D8}.Release|Any CPU.ActiveCfg = Release|Any CPU
		{18F75D17-8F00-4B30-8898-48424D2830D8}.Release|Any CPU.Build.0 = Release|Any CPU
		{2254528C-A307-49B8-87CA-16959192B750}.Debug|Any CPU.ActiveCfg = Debug|Any CPU
		{2254528C-A307-49B8-87CA-16959192B750}.Debug|Any CPU.Build.0 = Debug|Any CPU
		{2254528C-A307-49B8-87CA-16959192B750}.Release|Any CPU.ActiveCfg = Release|Any CPU
		{2254528C-A307-49B8-87CA-16959192B750}.Release|Any CPU.Build.0 = Release|Any CPU
		{7FF551B5-96A6-4550-8A01-89241642C46F}.Debug|Any CPU.ActiveCfg = Debug|Any CPU
		{7FF551B5-96A6-4550-8A01-89241642C46F}.Debug|Any CPU.Build.0 = Debug|Any CPU
		{7FF551B5-96A6-4550-8A01-89241642C46F}.Release|Any CPU.ActiveCfg = Release|Any CPU
		{7FF551B5-96A6-4550-8A01-89241642C46F}.Release|Any CPU.Build.0 = Release|Any CPU
		{AD9CC5BC-487D-4387-9CA6-E026E47A17EF}.Debug|Any CPU.ActiveCfg = Debug|Any CPU
		{AD9CC5BC-487D-4387-9CA6-E026E47A17EF}.Debug|Any CPU.Build.0 = Debug|Any CPU
		{AD9CC5BC-487D-4387-9CA6-E026E47A17EF}.Release|Any CPU.ActiveCfg = Release|Any CPU
		{AD9CC5BC-487D-4387-9CA6-E026E47A17EF}.Release|Any CPU.Build.0 = Release|Any CPU
	EndGlobalSection
	GlobalSection(SolutionProperties) = preSolution
		HideSolutionNode = FALSE
	EndGlobalSection
	GlobalSection(NestedProjects) = preSolution
		{4E691FDE-9046-4E9F-BD69-BFD1E7A7A7B4} = {F6EB9C7C-8C2E-49CB-9F06-6CEF5692CA5F}
		{5062E027-DE0C-4322-A99D-7C2C4AF25035} = {4E691FDE-9046-4E9F-BD69-BFD1E7A7A7B4}
		{18F75D17-8F00-4B30-8898-48424D2830D8} = {4E691FDE-9046-4E9F-BD69-BFD1E7A7A7B4}
		{2254528C-A307-49B8-87CA-16959192B750} = {4E691FDE-9046-4E9F-BD69-BFD1E7A7A7B4}
		{7FF551B5-96A6-4550-8A01-89241642C46F} = {4E691FDE-9046-4E9F-BD69-BFD1E7A7A7B4}
		{24DCD504-2286-4AB6-8B65-9E4DA6E08D8E} = {F6EB9C7C-8C2E-49CB-9F06-6CEF5692CA5F}
		{B53746AE-7A44-47A0-BADE-5B3162FF32A3} = {F6EB9C7C-8C2E-49CB-9F06-6CEF5692CA5F}
		{AD9CC5BC-487D-4387-9CA6-E026E47A17EF} = {B53746AE-7A44-47A0-BADE-5B3162FF32A3}
	EndGlobalSection
	GlobalSection(ExtensibilityGlobals) = postSolution
		SolutionGuid = {1A332C68-D44B-4AD6-980C-BD8B9161BA26}
	EndGlobalSection
EndGlobal
